{
    "_meta": {
        "hash": {
            "sha256": "a93a55fdbea63c394831f8beb4204a68b98386164f6e22916da49bbfa1caa7e5"
        },
        "pipfile-spec": 6,
        "requires": {
            "python_full_version": "3.9.16",
            "python_version": "3.9"
        },
        "sources": [
            {
                "name": "pypi",
                "url": "https://pypi.org/simple",
                "verify_ssl": true
            }
        ]
    },
    "default": {
        "z3-solver": {
            "hashes": [
                "sha256:13468e1018c817b7f794898d3100f02541d15c13ab56c0785c5acdea32a066cf",
                "sha256:3555436cfe9a5fa2d1b432fb9a5e4460e487649c22e5e68a56f7d81594d043e9",
                "sha256:4a4731fded91b32e1861e1c7c96e500da743bb9431246cac51f7c3ffc0f21b5d",
                "sha256:52588e92aec7cb338fd6288ce93758ae01770f62ca0c80e8f4f2b2333feaf51b",
                "sha256:8c42de82b6e3ff7ee61287d03c7af8a99f9f6554cdd1204c6b9bca96ff1cb7fb",
                "sha256:9d622022a3511c059915c56b2c231c84b5c1be1b82f457d7560dda3d916474fe",
                "sha256:bca7d59a699a440247537c2180c519d682c9df3520a16ce288fced61a70d253d"
            ],
            "index": "pypi",
            "version": "==4.13.0.0"
        }
    },
    "develop": {}
}
